
Microsoft Visual Studio Solution File, Format Version 12.00
# Visual Studio Version 17
VisualStudioVersion = 17.4.33205.214
MinimumVisualStudioVersion = 10.0.40219.1
Project("{F184B08F-C81C-45F6-A57F-5ABD9991F28F}") = "資料庫first", "資料庫first\資料庫first.vbproj", "{D733F171-C9CD-42EC-9FCE-5F5CFE530729}"
EndProject
Global
	GlobalSection(SolutionConfigurationPlatforms) = preSolution
		Debug|Any CPU = Debug|Any CPU
		Release|Any CPU = Release|Any CPU
	EndGlobalSection
	GlobalSection(ProjectConfigurationPlatforms) = postSolution
		{D733F171-C9CD-42EC-9FCE-5F5CFE530729}.Debug|Any CPU.ActiveCfg = Debug|Any CPU
		{D733F171-C9CD-42EC-9FCE-5F5CFE530729}.Debug|Any CPU.Build.0 = Debug|Any CPU
		{D733F171-C9CD-42EC-9FCE-5F5CFE530729}.Release|Any CPU.ActiveCfg = Release|Any CPU
		{D733F171-C9CD-42EC-9FCE-5F5CFE530729}.Release|Any CPU.Build.0 = Release|Any CPU
	EndGlobalSection
	GlobalSection(SolutionProperties) = preSolution
		HideSolutionNode = FALSE
	EndGlobalSection
	GlobalSection(ExtensibilityGlobals) = postSolution
		SolutionGuid = {C5FF87D8-66DA-485C-A783-81DBD9D36700}
	EndGlobalSection
EndGlobal
